
Microsoft Visual Studio Solution File, Format Version 12.00
# Visual Studio Version 16
VisualStudioVersion = 16.0.32802.440
MinimumVisualStudioVersion = 10.0.40219.1
Project("{8BC9CEB8-8B4A-11D0-8D11-00A0C91BC942}") = "结构体", "结构体\结构体.vcxproj", "{1DBC4451-6777-4E8F-ABC3-F34E3C4C4736}"
EndProject
Global
	GlobalSection(SolutionConfigurationPlatforms) = preSolution
		Debug|x64 = Debug|x64
		Debug|x86 = Debug|x86
		Release|x64 = Release|x64
		Release|x86 = Release|x86
	EndGlobalSection
	GlobalSection(ProjectConfigurationPlatforms) = postSolution
		{1DBC4451-6777-4E8F-ABC3-F34E3C4C4736}.Debug|x64.ActiveCfg = Debug|x64
		{1DBC4451-6777-4E8F-ABC3-F34E3C4C4736}.Debug|x64.Build.0 = Debug|x64
		{1DBC4451-6777-4E8F-ABC3-F34E3C4C4736}.Debug|x86.ActiveCfg = Debug|Win32
		{1DBC4451-6777-4E8F-ABC3-F34E3C4C4736}.Debug|x86.Build.0 = Debug|Win32
		{1DBC4451-6777-4E8F-ABC3-F34E3C4C4736}.Release|x64.ActiveCfg = Release|x64
		{1DBC4451-6777-4E8F-ABC3-F34E3C4C4736}.Release|x64.Build.0 = Release|x64
		{1DBC4451-6777-4E8F-ABC3-F34E3C4C4736}.Release|x86.ActiveCfg = Release|Win32
		{1DBC4451-6777-4E8F-ABC3-F34E3C4C4736}.Release|x86.Build.0 = Release|Win32
	EndGlobalSection
	GlobalSection(SolutionProperties) = preSolution
		HideSolutionNode = FALSE
	EndGlobalSection
	GlobalSection(ExtensibilityGlobals) = postSolution
		SolutionGuid = {B6C72C31-E2EA-472E-9E55-E5574DE45E63}
	EndGlobalSection
EndGlobal
